{
  "version": 4,
  "terraform_version": "1.6.2",
  "serial": 124,
  "lineage": "539a49fc-89cc-736e-16e0-28dad8d274b3",
  "outputs": {},
  "resources": [
    {
      "module": "module.scripted_api",
      "mode": "managed",
      "type": "newrelic_synthetics_script_monitor",
      "name": "monitor",
      "provider": "module.scripted_api.provider[\"registry.terraform.io/newrelic/newrelic\"]",
      "instances": [
        {
          "index_key": 0,
          "schema_version": 0,
          "attributes": {
            "account_id": 4055886,
            "device_orientation": null,
            "device_type": null,
            "enable_screenshot_on_failure_and_script": null,
            "guid": "NDA1NTg4NnxTWU5USHxNT05JVE9SfDg2ODJkMDhkLWNiYjEtNDk4YS1iMTNjLTRkMTRlZTMyZTlhMw",
            "id": "NDA1NTg4NnxTWU5USHxNT05JVE9SfDg2ODJkMDhkLWNiYjEtNDk4YS1iMTNjLTRkMTRlZTMyZTlhMw",
            "location_private": [],
            "locations_public": [
              "AP_EAST_1",
              "AP_SOUTH_1"
            ],
            "name": "api-x",
            "period": "EVERY_12_HOURS",
            "period_in_minutes": 720,
            "runtime_type": "NODE_API",
            "runtime_type_version": "16.10",
            "script": "console.log(\"hello\");\r\n",
            "script_language": "JAVASCRIPT",
            "status": "ENABLED",
            "tag": [],
            "type": "SCRIPT_API"
          },
          "sensitive_attributes": [],
          "private": "bnVsbA=="
        },
        {
          "index_key": 1,
          "schema_version": 0,
          "attributes": {
            "account_id": 4055886,
            "device_orientation": null,
            "device_type": null,
            "enable_screenshot_on_failure_and_script": null,
            "guid": "NDA1NTg4NnxTWU5USHxNT05JVE9SfDY3NWFhMDdlLTQ0ZDAtNDE2Ni04YjAyLWM1MTk1ODFkZWM4Yw",
            "id": "NDA1NTg4NnxTWU5USHxNT05JVE9SfDY3NWFhMDdlLTQ0ZDAtNDE2Ni04YjAyLWM1MTk1ODFkZWM4Yw",
            "location_private": [],
            "locations_public": [
              "AP_EAST_1",
              "AP_SOUTH_1"
            ],
            "name": "api-y",
            "period": "EVERY_12_HOURS",
            "period_in_minutes": 720,
            "runtime_type": "NODE_API",
            "runtime_type_version": "16.10",
            "script": "console.log(\"2\");\r\n",
            "script_language": "JAVASCRIPT",
            "status": "ENABLED",
            "tag": [],
            "type": "SCRIPT_API"
          },
          "sensitive_attributes": [],
          "private": "bnVsbA=="
        },
        {
          "index_key": 2,
          "schema_version": 0,
          "attributes": {
            "account_id": 4055886,
            "device_orientation": null,
            "device_type": null,
            "enable_screenshot_on_failure_and_script": null,
            "guid": "NDA1NTg4NnxTWU5USHxNT05JVE9SfDdiMjNkMTQxLWFhYmYtNDdiZi04YWIyLWM4NDE4MGM4MmVkOQ",
            "id": "NDA1NTg4NnxTWU5USHxNT05JVE9SfDdiMjNkMTQxLWFhYmYtNDdiZi04YWIyLWM4NDE4MGM4MmVkOQ",
            "location_private": [],
            "locations_public": [
              "AP_EAST_1",
              "AP_SOUTH_1"
            ],
            "name": "api-z",
            "period": "EVERY_12_HOURS",
            "period_in_minutes": 720,
            "runtime_type": "NODE_API",
            "runtime_type_version": "16.10",
            "script": "console.log(\"3\");\r\n",
            "script_language": "JAVASCRIPT",
            "status": "ENABLED",
            "tag": [],
            "type": "SCRIPT_API"
          },
          "sensitive_attributes": [],
          "private": "bnVsbA=="
        },
        {
          "index_key": 3,
          "schema_version": 0,
          "attributes": {
            "account_id": 4055886,
            "device_orientation": null,
            "device_type": null,
            "enable_screenshot_on_failure_and_script": null,
            "guid": "NDA1NTg4NnxTWU5USHxNT05JVE9SfDUzOGI4MzQwLTliZjItNGU2MS05OTM0LTNlZTllYWM4YTIzZQ",
            "id": "NDA1NTg4NnxTWU5USHxNT05JVE9SfDUzOGI4MzQwLTliZjItNGU2MS05OTM0LTNlZTllYWM4YTIzZQ",
            "location_private": [],
            "locations_public": [
              "AP_EAST_1",
              "AP_SOUTH_1"
            ],
            "name": "api-zz",
            "period": "EVERY_12_HOURS",
            "period_in_minutes": 720,
            "runtime_type": "NODE_API",
            "runtime_type_version": "16.10",
            "script": "console.log(\"4\");\r\n",
            "script_language": "JAVASCRIPT",
            "status": "ENABLED",
            "tag": [],
            "type": "SCRIPT_API"
          },
          "sensitive_attributes": [],
          "private": "bnVsbA=="
        }
      ]
    },
    {
      "module": "module.scripted_browser",
      "mode": "managed",
      "type": "newrelic_synthetics_script_monitor",
      "name": "monitor2",
      "provider": "module.scripted_browser.provider[\"registry.terraform.io/newrelic/newrelic\"]",
      "instances": [
        {
          "index_key": 0,
          "schema_version": 0,
          "attributes": {
            "account_id": 4055886,
            "device_orientation": null,
            "device_type": null,
            "enable_screenshot_on_failure_and_script": false,
            "guid": "NDA1NTg4NnxTWU5USHxNT05JVE9SfGNhNjMzOTQ0LWY0OTAtNGUzNC1iYzU5LTFlN2NhNmMyM2I0Yw",
            "id": "NDA1NTg4NnxTWU5USHxNT05JVE9SfGNhNjMzOTQ0LWY0OTAtNGUzNC1iYzU5LTFlN2NhNmMyM2I0Yw",
            "location_private": [],
            "locations_public": [
              "AP_EAST_1",
              "AP_SOUTH_1"
            ],
            "name": "browser-x",
            "period": "EVERY_12_HOURS",
            "period_in_minutes": 720,
            "runtime_type": "CHROME_BROWSER",
            "runtime_type_version": "100",
            "script": "console.log(\"hello\");\r\n",
            "script_language": "JAVASCRIPT",
            "status": "ENABLED",
            "tag": [],
            "type": "SCRIPT_BROWSER"
          },
          "sensitive_attributes": [],
          "private": "bnVsbA=="
        },
        {
          "index_key": 1,
          "schema_version": 0,
          "attributes": {
            "account_id": 4055886,
            "device_orientation": null,
            "device_type": null,
            "enable_screenshot_on_failure_and_script": false,
            "guid": "NDA1NTg4NnxTWU5USHxNT05JVE9SfDAxMGUyOTg4LWVhZTAtNGE5My04OTVmLTJiZDQyOWVhODY0MQ",
            "id": "NDA1NTg4NnxTWU5USHxNT05JVE9SfDAxMGUyOTg4LWVhZTAtNGE5My04OTVmLTJiZDQyOWVhODY0MQ",
            "location_private": [],
            "locations_public": [
              "AP_EAST_1",
              "AP_SOUTH_1"
            ],
            "name": "browser-y",
            "period": "EVERY_12_HOURS",
            "period_in_minutes": 720,
            "runtime_type": "CHROME_BROWSER",
            "runtime_type_version": "100",
            "script": "console.log(\"2\");\r\n",
            "script_language": "JAVASCRIPT",
            "status": "ENABLED",
            "tag": [],
            "type": "SCRIPT_BROWSER"
          },
          "sensitive_attributes": [],
          "private": "bnVsbA=="
        },
        {
          "index_key": 2,
          "schema_version": 0,
          "attributes": {
            "account_id": 4055886,
            "device_orientation": null,
            "device_type": null,
            "enable_screenshot_on_failure_and_script": false,
            "guid": "NDA1NTg4NnxTWU5USHxNT05JVE9SfDhhMDU3M2JkLTFlMGItNDIyNC04MmNhLWIyYzZkMWJiNDkzOQ",
            "id": "NDA1NTg4NnxTWU5USHxNT05JVE9SfDhhMDU3M2JkLTFlMGItNDIyNC04MmNhLWIyYzZkMWJiNDkzOQ",
            "location_private": [],
            "locations_public": [
              "AP_EAST_1",
              "AP_SOUTH_1"
            ],
            "name": "browser-z",
            "period": "EVERY_12_HOURS",
            "period_in_minutes": 720,
            "runtime_type": "CHROME_BROWSER",
            "runtime_type_version": "100",
            "script": "console.log(\"3\");\r\n",
            "script_language": "JAVASCRIPT",
            "status": "ENABLED",
            "tag": [],
            "type": "SCRIPT_BROWSER"
          },
          "sensitive_attributes": [],
          "private": "bnVsbA=="
        },
        {
          "index_key": 3,
          "schema_version": 0,
          "attributes": {
            "account_id": 4055886,
            "device_orientation": null,
            "device_type": null,
            "enable_screenshot_on_failure_and_script": false,
            "guid": "NDA1NTg4NnxTWU5USHxNT05JVE9SfGRlMmZhODZjLWRlNzUtNDMxYS1iOTM0LWZiYzBkZmFhOWQ1Nw",
            "id": "NDA1NTg4NnxTWU5USHxNT05JVE9SfGRlMmZhODZjLWRlNzUtNDMxYS1iOTM0LWZiYzBkZmFhOWQ1Nw",
            "location_private": [],
            "locations_public": [
              "AP_EAST_1",
              "AP_SOUTH_1"
            ],
            "name": "browser-zz",
            "period": "EVERY_12_HOURS",
            "period_in_minutes": 720,
            "runtime_type": "CHROME_BROWSER",
            "runtime_type_version": "100",
            "script": "console.log(\"4\");\r\n",
            "script_language": "JAVASCRIPT",
            "status": "ENABLED",
            "tag": [],
            "type": "SCRIPT_BROWSER"
          },
          "sensitive_attributes": [],
          "private": "bnVsbA=="
        }
      ]
    }
  ],
  "check_results": null
}
